
Microsoft Visual Studio Solution File, Format Version 12.00
# Visual Studio Version 16
VisualStudioVersion = 16.0.31410.357
MinimumVisualStudioVersion = 10.0.40219.1
Project("{9A19103F-16F7-4668-BE54-9A1E7A4F7556}") = "MVC_web_UI", "MVC_web_UI\MVC_web_UI.csproj", "{7BC2E036-608B-4169-83D9-26E9BA1A0D98}"
EndProject
Project("{9A19103F-16F7-4668-BE54-9A1E7A4F7556}") = "Entities", "Entities\Entities.csproj", "{14F26D5B-644A-41BC-ADE9-A017D43F4100}"
EndProject
Project("{9A19103F-16F7-4668-BE54-9A1E7A4F7556}") = "DataAccess", "DataAccess\DataAccess.csproj", "{5BDE6328-15BB-4E33-9F96-24783684E85F}"
EndProject
Project("{FAE04EC0-301F-11D3-BF4B-00C04F79EFBC}") = "Business", "Business\Business.csproj", "{F1B49E87-A013-44EF-8972-2A20A3AC1296}"
EndProject
Global
	GlobalSection(SolutionConfigurationPlatforms) = preSolution
		Debug|Any CPU = Debug|Any CPU
		Release|Any CPU = Release|Any CPU
	EndGlobalSection
	GlobalSection(ProjectConfigurationPlatforms) = postSolution
		{7BC2E036-608B-4169-83D9-26E9BA1A0D98}.Debug|Any CPU.ActiveCfg = Debug|Any CPU
		{7BC2E036-608B-4169-83D9-26E9BA1A0D98}.Debug|Any CPU.Build.0 = Debug|Any CPU
		{7BC2E036-608B-4169-83D9-26E9BA1A0D98}.Release|Any CPU.ActiveCfg = Release|Any CPU
		{7BC2E036-608B-4169-83D9-26E9BA1A0D98}.Release|Any CPU.Build.0 = Release|Any CPU
		{14F26D5B-644A-41BC-ADE9-A017D43F4100}.Debug|Any CPU.ActiveCfg = Debug|Any CPU
		{14F26D5B-644A-41BC-ADE9-A017D43F4100}.Debug|Any CPU.Build.0 = Debug|Any CPU
		{14F26D5B-644A-41BC-ADE9-A017D43F4100}.Release|Any CPU.ActiveCfg = Release|Any CPU
		{14F26D5B-644A-41BC-ADE9-A017D43F4100}.Release|Any CPU.Build.0 = Release|Any CPU
		{5BDE6328-15BB-4E33-9F96-24783684E85F}.Debug|Any CPU.ActiveCfg = Debug|Any CPU
		{5BDE6328-15BB-4E33-9F96-24783684E85F}.Debug|Any CPU.Build.0 = Debug|Any CPU
		{5BDE6328-15BB-4E33-9F96-24783684E85F}.Release|Any CPU.ActiveCfg = Release|Any CPU
		{5BDE6328-15BB-4E33-9F96-24783684E85F}.Release|Any CPU.Build.0 = Release|Any CPU
		{F1B49E87-A013-44EF-8972-2A20A3AC1296}.Debug|Any CPU.ActiveCfg = Debug|Any CPU
		{F1B49E87-A013-44EF-8972-2A20A3AC1296}.Debug|Any CPU.Build.0 = Debug|Any CPU
		{F1B49E87-A013-44EF-8972-2A20A3AC1296}.Release|Any CPU.ActiveCfg = Release|Any CPU
		{F1B49E87-A013-44EF-8972-2A20A3AC1296}.Release|Any CPU.Build.0 = Release|Any CPU
	EndGlobalSection
	GlobalSection(SolutionProperties) = preSolution
		HideSolutionNode = FALSE
	EndGlobalSection
	GlobalSection(ExtensibilityGlobals) = postSolution
		SolutionGuid = {E0DC3115-136B-4836-8FC3-AFF7B68F2F41}
	EndGlobalSection
EndGlobal
